
Microsoft Visual Studio Solution File, Format Version 12.00
# Visual Studio Version 17
VisualStudioVersion = 17.1.32421.90
MinimumVisualStudioVersion = 10.0.40219.1
Project("{FAE04EC0-301F-11D3-BF4B-00C04F79EFBC}") = "test", "test\test.csproj", "{9142660C-F686-4254-A68B-506D9F63B0C3}"
EndProject
Global
	GlobalSection(SolutionConfigurationPlatforms) = preSolution
		Debug|Any CPU = Debug|Any CPU
		Release|Any CPU = Release|Any CPU
	EndGlobalSection
	GlobalSection(ProjectConfigurationPlatforms) = postSolution
		{9142660C-F686-4254-A68B-506D9F63B0C3}.Debug|Any CPU.ActiveCfg = Debug|Any CPU
		{9142660C-F686-4254-A68B-506D9F63B0C3}.Debug|Any CPU.Build.0 = Debug|Any CPU
		{9142660C-F686-4254-A68B-506D9F63B0C3}.Release|Any CPU.ActiveCfg = Release|Any CPU
		{9142660C-F686-4254-A68B-506D9F63B0C3}.Release|Any CPU.Build.0 = Release|Any CPU
	EndGlobalSection
	GlobalSection(SolutionProperties) = preSolution
		HideSolutionNode = FALSE
	EndGlobalSection
	GlobalSection(ExtensibilityGlobals) = postSolution
		SolutionGuid = {0A077750-9097-4884-8612-2FD6DC73428E}
	EndGlobalSection
EndGlobal
